
Microsoft Visual Studio Solution File, Format Version 12.00
# Visual Studio Version 17
VisualStudioVersion = 17.12.35707.178 d17.12
MinimumVisualStudioVersion = 10.0.40219.1
Project("{2150E333-8FDC-42A3-9474-1A3956D46DE8}") = "Services", "Services", "{1B82379D-7A9B-464F-A92E-7D5A431FD9BE}"
EndProject
Project("{2150E333-8FDC-42A3-9474-1A3956D46DE8}") = "ApiGateways", "ApiGateways", "{634D72C7-060E-482B-8A3B-AFDD8FF47E16}"
EndProject
Project("{2150E333-8FDC-42A3-9474-1A3956D46DE8}") = "BuildingBlocks", "BuildingBlocks", "{C8EE8988-C02B-4F65-BA7A-DFFFF6812450}"
EndProject
Project("{2150E333-8FDC-42A3-9474-1A3956D46DE8}") = "StaffManagment", "StaffManagment", "{E0452A7D-9B18-43A0-8D7F-AE4A545C9472}"
EndProject
Project("{FAE04EC0-301F-11D3-BF4B-00C04F79EFBC}") = "StaffManagment.API", "Services\StaffManagment\StaffManagment.API\StaffManagment.API.csproj", "{7BCE9E7F-483D-4C30-B438-29F0E746FF9F}"
EndProject
Project("{2150E333-8FDC-42A3-9474-1A3956D46DE8}") = "Parcel", "Parcel", "{13D5CF58-5195-435E-82BF-437AB0FD34F0}"
EndProject
Project("{FAE04EC0-301F-11D3-BF4B-00C04F79EFBC}") = "Parcel.API", "Services\Parcel\Parcel.API\Parcel.API.csproj", "{64D7826D-8636-4F9A-B17A-AC6A794DCA40}"
EndProject
Project("{2150E333-8FDC-42A3-9474-1A3956D46DE8}") = "Auth", "Auth", "{0E76D440-83B1-4D7A-BFE8-A2AFAD3420CD}"
EndProject
Project("{FAE04EC0-301F-11D3-BF4B-00C04F79EFBC}") = "Authentication", "Services\Auth\Authentication\Authentication.csproj", "{6910520E-B8A7-44C7-9850-41E4E6929569}"
EndProject
Project("{FAE04EC0-301F-11D3-BF4B-00C04F79EFBC}") = "Authentication.Domain", "Services\Auth\Authentication.Domain\Authentication.Domain.csproj", "{CCF00EB9-FE9A-4302-82D6-B183DE6B297C}"
EndProject
Project("{FAE04EC0-301F-11D3-BF4B-00C04F79EFBC}") = "Authentication.Persistance", "Services\Auth\Authentication.Persistance\Authentication.Persistance.csproj", "{151F1BA1-5D29-4345-B28E-89FC5840650E}"
EndProject
Global
	GlobalSection(SolutionConfigurationPlatforms) = preSolution
		Debug|Any CPU = Debug|Any CPU
		Release|Any CPU = Release|Any CPU
	EndGlobalSection
	GlobalSection(ProjectConfigurationPlatforms) = postSolution
		{7BCE9E7F-483D-4C30-B438-29F0E746FF9F}.Debug|Any CPU.ActiveCfg = Debug|Any CPU
		{7BCE9E7F-483D-4C30-B438-29F0E746FF9F}.Debug|Any CPU.Build.0 = Debug|Any CPU
		{7BCE9E7F-483D-4C30-B438-29F0E746FF9F}.Release|Any CPU.ActiveCfg = Release|Any CPU
		{7BCE9E7F-483D-4C30-B438-29F0E746FF9F}.Release|Any CPU.Build.0 = Release|Any CPU
		{64D7826D-8636-4F9A-B17A-AC6A794DCA40}.Debug|Any CPU.ActiveCfg = Debug|Any CPU
		{64D7826D-8636-4F9A-B17A-AC6A794DCA40}.Debug|Any CPU.Build.0 = Debug|Any CPU
		{64D7826D-8636-4F9A-B17A-AC6A794DCA40}.Release|Any CPU.ActiveCfg = Release|Any CPU
		{64D7826D-8636-4F9A-B17A-AC6A794DCA40}.Release|Any CPU.Build.0 = Release|Any CPU
		{6910520E-B8A7-44C7-9850-41E4E6929569}.Debug|Any CPU.ActiveCfg = Debug|Any CPU
		{6910520E-B8A7-44C7-9850-41E4E6929569}.Debug|Any CPU.Build.0 = Debug|Any CPU
		{6910520E-B8A7-44C7-9850-41E4E6929569}.Release|Any CPU.ActiveCfg = Release|Any CPU
		{6910520E-B8A7-44C7-9850-41E4E6929569}.Release|Any CPU.Build.0 = Release|Any CPU
		{CCF00EB9-FE9A-4302-82D6-B183DE6B297C}.Debug|Any CPU.ActiveCfg = Debug|Any CPU
		{CCF00EB9-FE9A-4302-82D6-B183DE6B297C}.Debug|Any CPU.Build.0 = Debug|Any CPU
		{CCF00EB9-FE9A-4302-82D6-B183DE6B297C}.Release|Any CPU.ActiveCfg = Release|Any CPU
		{CCF00EB9-FE9A-4302-82D6-B183DE6B297C}.Release|Any CPU.Build.0 = Release|Any CPU
		{151F1BA1-5D29-4345-B28E-89FC5840650E}.Debug|Any CPU.ActiveCfg = Debug|Any CPU
		{151F1BA1-5D29-4345-B28E-89FC5840650E}.Debug|Any CPU.Build.0 = Debug|Any CPU
		{151F1BA1-5D29-4345-B28E-89FC5840650E}.Release|Any CPU.ActiveCfg = Release|Any CPU
		{151F1BA1-5D29-4345-B28E-89FC5840650E}.Release|Any CPU.Build.0 = Release|Any CPU
	EndGlobalSection
	GlobalSection(SolutionProperties) = preSolution
		HideSolutionNode = FALSE
	EndGlobalSection
	GlobalSection(NestedProjects) = preSolution
		{E0452A7D-9B18-43A0-8D7F-AE4A545C9472} = {1B82379D-7A9B-464F-A92E-7D5A431FD9BE}
		{7BCE9E7F-483D-4C30-B438-29F0E746FF9F} = {E0452A7D-9B18-43A0-8D7F-AE4A545C9472}
		{13D5CF58-5195-435E-82BF-437AB0FD34F0} = {1B82379D-7A9B-464F-A92E-7D5A431FD9BE}
		{64D7826D-8636-4F9A-B17A-AC6A794DCA40} = {13D5CF58-5195-435E-82BF-437AB0FD34F0}
		{0E76D440-83B1-4D7A-BFE8-A2AFAD3420CD} = {1B82379D-7A9B-464F-A92E-7D5A431FD9BE}
		{6910520E-B8A7-44C7-9850-41E4E6929569} = {0E76D440-83B1-4D7A-BFE8-A2AFAD3420CD}
		{CCF00EB9-FE9A-4302-82D6-B183DE6B297C} = {0E76D440-83B1-4D7A-BFE8-A2AFAD3420CD}
		{151F1BA1-5D29-4345-B28E-89FC5840650E} = {0E76D440-83B1-4D7A-BFE8-A2AFAD3420CD}
	EndGlobalSection
EndGlobal
